
Microsoft Visual Studio Solution File, Format Version 12.00
# Visual Studio Version 17
VisualStudioVersion = 17.14.36401.2
MinimumVisualStudioVersion = 10.0.40219.1
Project("{8BC9CEB8-8B4A-11D0-8D11-00A0C91BC942}") = "Mile.HyperV.Test", "Mile.HyperV.Test\Mile.HyperV.Test.vcxproj", "{2B3CC3A9-A129-4AD2-9594-A87994145CFD}"
EndProject
Global
	GlobalSection(SolutionConfigurationPlatforms) = preSolution
		Debug|ARM64 = Debug|ARM64
		Debug|x64 = Debug|x64
		Debug|x86 = Debug|x86
		Release|ARM64 = Release|ARM64
		Release|x64 = Release|x64
		Release|x86 = Release|x86
	EndGlobalSection
	GlobalSection(ProjectConfigurationPlatforms) = postSolution
		{2B3CC3A9-A129-4AD2-9594-A87994145CFD}.Debug|ARM64.ActiveCfg = Debug|ARM64
		{2B3CC3A9-A129-4AD2-9594-A87994145CFD}.Debug|ARM64.Build.0 = Debug|ARM64
		{2B3CC3A9-A129-4AD2-9594-A87994145CFD}.Debug|x64.ActiveCfg = Debug|x64
		{2B3CC3A9-A129-4AD2-9594-A87994145CFD}.Debug|x64.Build.0 = Debug|x64
		{2B3CC3A9-A129-4AD2-9594-A87994145CFD}.Debug|x86.ActiveCfg = Debug|Win32
		{2B3CC3A9-A129-4AD2-9594-A87994145CFD}.Debug|x86.Build.0 = Debug|Win32
		{2B3CC3A9-A129-4AD2-9594-A87994145CFD}.Release|ARM64.ActiveCfg = Release|ARM64
		{2B3CC3A9-A129-4AD2-9594-A87994145CFD}.Release|ARM64.Build.0 = Release|ARM64
		{2B3CC3A9-A129-4AD2-9594-A87994145CFD}.Release|x64.ActiveCfg = Release|x64
		{2B3CC3A9-A129-4AD2-9594-A87994145CFD}.Release|x64.Build.0 = Release|x64
		{2B3CC3A9-A129-4AD2-9594-A87994145CFD}.Release|x86.ActiveCfg = Release|Win32
		{2B3CC3A9-A129-4AD2-9594-A87994145CFD}.Release|x86.Build.0 = Release|Win32
	EndGlobalSection
	GlobalSection(SolutionProperties) = preSolution
		HideSolutionNode = FALSE
	EndGlobalSection
	GlobalSection(ExtensibilityGlobals) = postSolution
		SolutionGuid = {6BA5A70E-22F1-4122-9FFB-35B6ECB337FE}
	EndGlobalSection
EndGlobal
